
Microsoft Visual Studio Solution File, Format Version 12.00
# Visual Studio Version 17
Project("{8BC9CEB8-8B4A-11D0-8D11-00A0C91BC942}") = "ALL_BUILD", "ALL_BUILD.vcxproj", "{8F314176-0E4A-35A0-A6EE-B576A4D1EC9D}"
	ProjectSection(ProjectDependencies) = postProject
		{5187C996-92F6-3885-B200-56170C467BC5} = {5187C996-92F6-3885-B200-56170C467BC5}
		{67B94811-0A38-3ECB-8202-0FC5045AE843} = {67B94811-0A38-3ECB-8202-0FC5045AE843}
		{A5002BBB-7F97-3DD7-9360-6769A8CD7266} = {A5002BBB-7F97-3DD7-9360-6769A8CD7266}
	EndProjectSection
EndProject
Project("{8BC9CEB8-8B4A-11D0-8D11-00A0C91BC942}") = "ZERO_CHECK", "ZERO_CHECK.vcxproj", "{5187C996-92F6-3885-B200-56170C467BC5}"
	ProjectSection(ProjectDependencies) = postProject
	EndProjectSection
EndProject
Project("{8BC9CEB8-8B4A-11D0-8D11-00A0C91BC942}") = "client", "client.vcxproj", "{67B94811-0A38-3ECB-8202-0FC5045AE843}"
	ProjectSection(ProjectDependencies) = postProject
		{5187C996-92F6-3885-B200-56170C467BC5} = {5187C996-92F6-3885-B200-56170C467BC5}
	EndProjectSection
EndProject
Project("{8BC9CEB8-8B4A-11D0-8D11-00A0C91BC942}") = "server", "server.vcxproj", "{A5002BBB-7F97-3DD7-9360-6769A8CD7266}"
	ProjectSection(ProjectDependencies) = postProject
		{5187C996-92F6-3885-B200-56170C467BC5} = {5187C996-92F6-3885-B200-56170C467BC5}
	EndProjectSection
EndProject
Global
	GlobalSection(SolutionConfigurationPlatforms) = preSolution
		Debug|x64 = Debug|x64
		Release|x64 = Release|x64
		MinSizeRel|x64 = MinSizeRel|x64
		RelWithDebInfo|x64 = RelWithDebInfo|x64
	EndGlobalSection
	GlobalSection(ProjectConfigurationPlatforms) = postSolution
		{8F314176-0E4A-35A0-A6EE-B576A4D1EC9D}.Debug|x64.ActiveCfg = Debug|x64
		{8F314176-0E4A-35A0-A6EE-B576A4D1EC9D}.Release|x64.ActiveCfg = Release|x64
		{8F314176-0E4A-35A0-A6EE-B576A4D1EC9D}.MinSizeRel|x64.ActiveCfg = MinSizeRel|x64
		{8F314176-0E4A-35A0-A6EE-B576A4D1EC9D}.RelWithDebInfo|x64.ActiveCfg = RelWithDebInfo|x64
		{5187C996-92F6-3885-B200-56170C467BC5}.Debug|x64.ActiveCfg = Debug|x64
		{5187C996-92F6-3885-B200-56170C467BC5}.Debug|x64.Build.0 = Debug|x64
		{5187C996-92F6-3885-B200-56170C467BC5}.Release|x64.ActiveCfg = Release|x64
		{5187C996-92F6-3885-B200-56170C467BC5}.Release|x64.Build.0 = Release|x64
		{5187C996-92F6-3885-B200-56170C467BC5}.MinSizeRel|x64.ActiveCfg = MinSizeRel|x64
		{5187C996-92F6-3885-B200-56170C467BC5}.MinSizeRel|x64.Build.0 = MinSizeRel|x64
		{5187C996-92F6-3885-B200-56170C467BC5}.RelWithDebInfo|x64.ActiveCfg = RelWithDebInfo|x64
		{5187C996-92F6-3885-B200-56170C467BC5}.RelWithDebInfo|x64.Build.0 = RelWithDebInfo|x64
		{67B94811-0A38-3ECB-8202-0FC5045AE843}.Debug|x64.ActiveCfg = Debug|x64
		{67B94811-0A38-3ECB-8202-0FC5045AE843}.Debug|x64.Build.0 = Debug|x64
		{67B94811-0A38-3ECB-8202-0FC5045AE843}.Release|x64.ActiveCfg = Release|x64
		{67B94811-0A38-3ECB-8202-0FC5045AE843}.Release|x64.Build.0 = Release|x64
		{67B94811-0A38-3ECB-8202-0FC5045AE843}.MinSizeRel|x64.ActiveCfg = MinSizeRel|x64
		{67B94811-0A38-3ECB-8202-0FC5045AE843}.MinSizeRel|x64.Build.0 = MinSizeRel|x64
		{67B94811-0A38-3ECB-8202-0FC5045AE843}.RelWithDebInfo|x64.ActiveCfg = RelWithDebInfo|x64
		{67B94811-0A38-3ECB-8202-0FC5045AE843}.RelWithDebInfo|x64.Build.0 = RelWithDebInfo|x64
		{A5002BBB-7F97-3DD7-9360-6769A8CD7266}.Debug|x64.ActiveCfg = Debug|x64
		{A5002BBB-7F97-3DD7-9360-6769A8CD7266}.Debug|x64.Build.0 = Debug|x64
		{A5002BBB-7F97-3DD7-9360-6769A8CD7266}.Release|x64.ActiveCfg = Release|x64
		{A5002BBB-7F97-3DD7-9360-6769A8CD7266}.Release|x64.Build.0 = Release|x64
		{A5002BBB-7F97-3DD7-9360-6769A8CD7266}.MinSizeRel|x64.ActiveCfg = MinSizeRel|x64
		{A5002BBB-7F97-3DD7-9360-6769A8CD7266}.MinSizeRel|x64.Build.0 = MinSizeRel|x64
		{A5002BBB-7F97-3DD7-9360-6769A8CD7266}.RelWithDebInfo|x64.ActiveCfg = RelWithDebInfo|x64
		{A5002BBB-7F97-3DD7-9360-6769A8CD7266}.RelWithDebInfo|x64.Build.0 = RelWithDebInfo|x64
	EndGlobalSection
	GlobalSection(ExtensibilityGlobals) = postSolution
		SolutionGuid = {DED6EBA1-3352-3A0C-A51A-8DC3BB052117}
	EndGlobalSection
	GlobalSection(ExtensibilityAddIns) = postSolution
	EndGlobalSection
EndGlobal
